{
  "name": "somfy-freeathome-addon",
  "version": "1.0.0",
  "lockfileVersion": 3,
  "requires": true,
  "packages": {
    "": {
      "name": "somfy-freeathome-addon",
      "version": "1.0.0",
      "license": "MIT",
      "dependencies": {
        "@busch-jaeger/free-at-home": "^0.36.0",
        "axios": "^1.7.9",
        "dotenv": "^16.4.7",
        "express": "^4.21.2"
      },
      "devDependencies": {
        "@types/express": "^5.0.0",
        "@types/node": "^22.10.2",
        "ts-node": "^10.9.2",
        "typescript": "^5.7.2"
      }
    }
  }
}
